
Microsoft Visual Studio Solution File, Format Version 12.00
# Visual Studio Version 16
VisualStudioVersion = 16.0.31424.327
MinimumVisualStudioVersion = 10.0.40219.1
Project("{9A19103F-16F7-4668-BE54-9A1E7A4F7556}") = "BlazorTodoList", "BlazorTodoList\BlazorTodoList.csproj", "{F482170D-9512-429B-B3E1-41E0CA538757}"
EndProject
Global
	GlobalSection(SolutionConfigurationPlatforms) = preSolution
		Debug|Any CPU = Debug|Any CPU
		Release|Any CPU = Release|Any CPU
	EndGlobalSection
	GlobalSection(ProjectConfigurationPlatforms) = postSolution
		{F482170D-9512-429B-B3E1-41E0CA538757}.Debug|Any CPU.ActiveCfg = Debug|Any CPU
		{F482170D-9512-429B-B3E1-41E0CA538757}.Debug|Any CPU.Build.0 = Debug|Any CPU
		{F482170D-9512-429B-B3E1-41E0CA538757}.Release|Any CPU.ActiveCfg = Release|Any CPU
		{F482170D-9512-429B-B3E1-41E0CA538757}.Release|Any CPU.Build.0 = Release|Any CPU
	EndGlobalSection
	GlobalSection(SolutionProperties) = preSolution
		HideSolutionNode = FALSE
	EndGlobalSection
	GlobalSection(ExtensibilityGlobals) = postSolution
		SolutionGuid = {1ACDF6F6-2485-44BB-AAFC-4CBC1DE8A9D3}
	EndGlobalSection
EndGlobal
